%{
  "gettext": {:hex, :gettext, "0.19.0", "6909d61b38bb33339558f128f8af5913d5d5fe304a770217bf352b1620fb7ec4", [:mix], [], "hexpm", "3f7a274f52ebda9bb6655dfeda3d6b0dc4537ae51ce41dcccc7f73ca7379ad5e"},
  "meck": {:hex, :meck, "0.9.2", "85ccbab053f1db86c7ca240e9fc718170ee5bda03810a6292b5306bf31bae5f5", [:rebar3], [], "hexpm", "81344f561357dc40a8344afa53767c32669153355b626ea9fcbc8da6b3045826"},
  "poison": {:hex, :poison, "4.0.1", "bcb755a16fac91cad79bfe9fc3585bb07b9331e50cfe3420a24bcc2d735709ae", [:mix], [], "hexpm", "ba8836feea4b394bb718a161fc59a288fe0109b5006d6bdf97b6badfcf6f0f25"},
}
