%{"gettext": {:hex, :gettext, "0.13.0", "daafbddc5cda12738bb93b01d84105fe75b916a302f1c50ab9fb066b95ec9db4", [:mix], []},
  "meck": {:hex, :meck, "0.8.4", "59ca1cd971372aa223138efcf9b29475bde299e1953046a0c727184790ab1520", [:make, :rebar], []},
  "poison": {:hex, :poison, "2.2.0", "4763b69a8a77bd77d26f477d196428b741261a761257ff1cf92753a0d4d24a63", [:mix], []}}
